// !$*UTF8*$!
{
	archiveVersion = 1;
	classes = {
	};
	objectVersion = 56;
	objects = {

/* Begin PBXBuildFile section */
		38474CD428DDD7A8007A28C6 /* DataManager.swift in Sources */ = {isa = PBXBuildFile; fileRef = 38474CD328DDD7A8007A28C6 /* DataManager.swift */; };
		38474CD628DDD87E007A28C6 /* RowSectionView.swift in Sources */ = {isa = PBXBuildFile; fileRef = 38474CD528DDD87E007A28C6 /* RowSectionView.swift */; };
		38474CD828DDD963007A28C6 /* PhoneNumbersView.swift in Sources */ = {isa = PBXBuildFile; fileRef = 38474CD728DDD963007A28C6 /* PhoneNumbersView.swift */; };
		38474CDA28DDE1E0007A28C6 /* Person.swift in Sources */ = {isa = PBXBuildFile; fileRef = 38474CD928DDE1E0007A28C6 /* Person.swift */; };
		38474CDC28DDE7CB007A28C6 /* AdditionalInfoView.swift in Sources */ = {isa = PBXBuildFile; fileRef = 38474CDB28DDE7CB007A28C6 /* AdditionalInfoView.swift */; };
		38C233F428DDC6FA0017DDA7 /* ContactListAppApp.swift in Sources */ = {isa = PBXBuildFile; fileRef = 38C233F328DDC6FA0017DDA7 /* ContactListAppApp.swift */; };
		38C233F628DDC6FA0017DDA7 /* ContentView.swift in Sources */ = {isa = PBXBuildFile; fileRef = 38C233F528DDC6FA0017DDA7 /* ContentView.swift */; };
		38C233F828DDC6FC0017DDA7 /* Assets.xcassets in Resources */ = {isa = PBXBuildFile; fileRef = 38C233F728DDC6FC0017DDA7 /* Assets.xcassets */; };
		38C233FB28DDC6FC0017DDA7 /* Preview Assets.xcassets in Resources */ = {isa = PBXBuildFile; fileRef = 38C233FA28DDC6FC0017DDA7 /* Preview Assets.xcassets */; };
		38C2340228DDC89A0017DDA7 /* ContactView.swift in Sources */ = {isa = PBXBuildFile; fileRef = 38C2340128DDC89A0017DDA7 /* ContactView.swift */; };
/* End PBXBuildFile section */

/* Begin PBXFileReference section */
		38474CD328DDD7A8007A28C6 /* DataManager.swift */ = {isa = PBXFileReference; lastKnownFileType = sourcecode.swift; path = DataManager.swift; sourceTree = "<group>"; };
		38474CD528DDD87E007A28C6 /* RowSectionView.swift */ = {isa = PBXFileReference; lastKnownFileType = sourcecode.swift; path = RowSectionView.swift; sourceTree = "<group>"; };
		38474CD728DDD963007A28C6 /* PhoneNumbersView.swift */ = {isa = PBXFileReference; lastKnownFileType = sourcecode.swift; path = PhoneNumbersView.swift; sourceTree = "<group>"; };
		38474CD928DDE1E0007A28C6 /* Person.swift */ = {isa = PBXFileReference; lastKnownFileType = sourcecode.swift; path = Person.swift; sourceTree = "<group>"; };
		38474CDB28DDE7CB007A28C6 /* AdditionalInfoView.swift */ = {isa = PBXFileReference; lastKnownFileType = sourcecode.swift; path = AdditionalInfoView.swift; sourceTree = "<group>"; };
		38C233F028DDC6FA0017DDA7 /* ContactListApp.app */ = {isa = PBXFileReference; explicitFileType = wrapper.application; includeInIndex = 0; path = ContactListApp.app; sourceTree = BUILT_PRODUCTS_DIR; };
		38C233F328DDC6FA0017DDA7 /* ContactListAppApp.swift */ = {isa = PBXFileReference; lastKnownFileType = sourcecode.swift; path = ContactListAppApp.swift; sourceTree = "<group>"; };
		38C233F528DDC6FA0017DDA7 /* ContentView.swift */ = {isa = PBXFileReference; lastKnownFileType = sourcecode.swift; path = ContentView.swift; sourceTree = "<group>"; };
		38C233F728DDC6FC0017DDA7 /* Assets.xcassets */ = {isa = PBXFileReference; lastKnownFileType = folder.assetcatalog; path = Assets.xcassets; sourceTree = "<group>"; };
		38C233FA28DDC6FC0017DDA7 /* Preview Assets.xcassets */ = {isa = PBXFileReference; lastKnownFileType = folder.assetcatalog; path = "Preview Assets.xcassets"; sourceTree = "<group>"; };
		38C2340128DDC89A0017DDA7 /* ContactView.swift */ = {isa = PBXFileReference; lastKnownFileType = sourcecode.swift; path = ContactView.swift; sourceTree = "<group>"; };
/* End PBXFileReference section */

/* Begin PBXFrameworksBuildPhase section */
		38C233ED28DDC6FA0017DDA7 /* Frameworks */ = {
			isa = PBXFrameworksBuildPhase;
			buildActionMask = 2147483647;
			files = (
			);
			runOnlyForDeploymentPostprocessing = 0;
		};
/* End PBXFrameworksBuildPhase section */

/* Begin PBXGroup section */
		38C233E728DDC6FA0017DDA7 = {
			isa = PBXGroup;
			children = (
				38C233F228DDC6FA0017DDA7 /* ContactListApp */,
				38C233F128DDC6FA0017DDA7 /* Products */,
			);
			sourceTree = "<group>";
		};
		38C233F128DDC6FA0017DDA7 /* Products */ = {
			isa = PBXGroup;
			children = (
				38C233F028DDC6FA0017DDA7 /* ContactListApp.app */,
			);
			name = Products;
			sourceTree = "<group>";
		};
		38C233F228DDC6FA0017DDA7 /* ContactListApp */ = {
			isa = PBXGroup;
			children = (
				38C233F328DDC6FA0017DDA7 /* ContactListAppApp.swift */,
				38C233F528DDC6FA0017DDA7 /* ContentView.swift */,
				38C2340128DDC89A0017DDA7 /* ContactView.swift */,
				38474CD728DDD963007A28C6 /* PhoneNumbersView.swift */,
				38474CD528DDD87E007A28C6 /* RowSectionView.swift */,
				38474CD328DDD7A8007A28C6 /* DataManager.swift */,
				38474CD928DDE1E0007A28C6 /* Person.swift */,
				38474CDB28DDE7CB007A28C6 /* AdditionalInfoView.swift */,
				38C233F728DDC6FC0017DDA7 /* Assets.xcassets */,
				38C233F928DDC6FC0017DDA7 /* Preview Content */,
			);
			path = ContactListApp;
			sourceTree = "<group>";
		};
		38C233F928DDC6FC0017DDA7 /* Preview Content */ = {
			isa = PBXGroup;
			children = (
				38C233FA28DDC6FC0017DDA7 /* Preview Assets.xcassets */,
			);
			path = "Preview Content";
			sourceTree = "<group>";
		};
/* End PBXGroup section */

/* Begin PBXNativeTarget section */
		38C233EF28DDC6FA0017DDA7 /* ContactListApp */ = {
			isa = PBXNativeTarget;
			buildConfigurationList = 38C233FE28DDC6FC0017DDA7 /* Build configuration list for PBXNativeTarget "ContactListApp" */;
			buildPhases = (
				38C233EC28DDC6FA0017DDA7 /* Sources */,
				38C233ED28DDC6FA0017DDA7 /* Frameworks */,
				38C233EE28DDC6FA0017DDA7 /* Resources */,
			);
			buildRules = (
			);
			dependencies = (
			);
			name = ContactListApp;
			productName = ContactListApp;
			productReference = 38C233F028DDC6FA0017DDA7 /* ContactListApp.app */;
			productType = "com.apple.product-type.application";
		};
/* End PBXNativeTarget section */

/* Begin PBXProject section */
		38C233E828DDC6FA0017DDA7 /* Project object */ = {
			isa = PBXProject;
			attributes = {
				BuildIndependentTargetsInParallel = 1;
				LastSwiftUpdateCheck = 1400;
				LastUpgradeCheck = 1400;
				TargetAttributes = {
					38C233EF28DDC6FA0017DDA7 = {
						CreatedOnToolsVersion = 14.0;
					};
				};
			};
			buildConfigurationList = 38C233EB28DDC6FA0017DDA7 /* Build configuration list for PBXProject "ContactListApp" */;
			compatibilityVersion = "Xcode 14.0";
			developmentRegion = en;
			hasScannedForEncodings = 0;
			knownRegions = (
				en,
				Base,
			);
			mainGroup = 38C233E728DDC6FA0017DDA7;
			productRefGroup = 38C233F128DDC6FA0017DDA7 /* Products */;
			projectDirPath = "";
			projectRoot = "";
			targets = (
				38C233EF28DDC6FA0017DDA7 /* ContactListApp */,
			);
		};
/* End PBXProject section */

/* Begin PBXResourcesBuildPhase section */
		38C233EE28DDC6FA0017DDA7 /* Resources */ = {
			isa = PBXResourcesBuildPhase;
			buildActionMask = 2147483647;
			files = (
				38C233FB28DDC6FC0017DDA7 /* Preview Assets.xcassets in Resources */,
				38C233F828DDC6FC0017DDA7 /* Assets.xcassets in Resources */,
			);
			runOnlyForDeploymentPostprocessing = 0;
		};
/* End PBXResourcesBuildPhase section */

/* Begin PBXSourcesBuildPhase section */
		38C233EC28DDC6FA0017DDA7 /* Sources */ = {
			isa = PBXSourcesBuildPhase;
			buildActionMask = 2147483647;
			files = (
				38C233F628DDC6FA0017DDA7 /* ContentView.swift in Sources */,
				38474CD428DDD7A8007A28C6 /* DataManager.swift in Sources */,
				38474CD628DDD87E007A28C6 /* RowSectionView.swift in Sources */,
				38474CDC28DDE7CB007A28C6 /* AdditionalInfoView.swift in Sources */,
				38C2340228DDC89A0017DDA7 /* ContactView.swift in Sources */,
				38474CDA28DDE1E0007A28C6 /* Person.swift in Sources */,
				38474CD828DDD963007A28C6 /* PhoneNumbersView.swift in Sources */,
				38C233F428DDC6FA0017DDA7 /* ContactListAppApp.swift in Sources */,
			);
			runOnlyForDeploymentPostprocessing = 0;
		};
/* End PBXSourcesBuildPhase section */

/* Begin XCBuildConfiguration section */
		38C233FC28DDC6FC0017DDA7 /* Debug */ = {
			isa = XCBuildConfiguration;
			buildSettings = {
				ALWAYS_SEARCH_USER_PATHS = NO;
				CLANG_ANALYZER_NONNULL = YES;
				CLANG_ANALYZER_NUMBER_OBJECT_CONVERSION = YES_AGGRESSIVE;
				CLANG_CXX_LANGUAGE_STANDARD = "gnu++20";
				CLANG_ENABLE_MODULES = YES;
				CLANG_ENABLE_OBJC_ARC = YES;
				CLANG_ENABLE_OBJC_WEAK = YES;
				CLANG_WARN_BLOCK_CAPTURE_AUTORELEASING = YES;
				CLANG_WARN_BOOL_CONVERSION = YES;
				CLANG_WARN_COMMA = YES;
				CLANG_WARN_CONSTANT_CONVERSION = YES;
				CLANG_WARN_DEPRECATED_OBJC_IMPLEMENTATIONS = YES;
				CLANG_WARN_DIRECT_OBJC_ISA_USAGE = YES_ERROR;
				CLANG_WARN_DOCUMENTATION_COMMENTS = YES;
				CLANG_WARN_EMPTY_BODY = YES;
				CLANG_WARN_ENUM_CONVERSION = YES;
				CLANG_WARN_INFINITE_RECURSION = YES;
				CLANG_WARN_INT_CONVERSION = YES;
				CLANG_WARN_NON_LITERAL_NULL_CONVERSION = YES;
				CLANG_WARN_OBJC_IMPLICIT_RETAIN_SELF = YES;
				CLANG_WARN_OBJC_LITERAL_CONVERSION = YES;
				CLANG_WARN_OBJC_ROOT_CLASS = YES_ERROR;
				CLANG_WARN_QUOTED_INCLUDE_IN_FRAMEWORK_HEADER = YES;
				CLANG_WARN_RANGE_LOOP_ANALYSIS = YES;
				CLANG_WARN_STRICT_PROTOTYPES = YES;
				CLANG_WARN_SUSPICIOUS_MOVE = YES;
				CLANG_WARN_UNGUARDED_AVAILABILITY = YES_AGGRESSIVE;
				CLANG_WARN_UNREACHABLE_CODE = YES;
				CLANG_WARN__DUPLICATE_METHOD_MATCH = YES;
				COPY_PHASE_STRIP = NO;
				DEBUG_INFORMATION_FORMAT = dwarf;
				ENABLE_STRICT_OBJC_MSGSEND = YES;
				ENABLE_TESTABILITY = YES;
				GCC_C_LANGUAGE_STANDARD = gnu11;
				GCC_DYNAMIC_NO_PIC = NO;
				GCC_NO_COMMON_BLOCKS = YES;
				GCC_OPTIMIZATION_LEVEL = 0;
				GCC_PREPROCESSOR_DEFINITIONS = (
					"DEBUG=1",
					"$(inherited)",
				);
				GCC_WARN_64_TO_32_BIT_CONVERSION = YES;
				GCC_WARN_ABOUT_RETURN_TYPE = YES_ERROR;
				GCC_WARN_UNDECLARED_SELECTOR = YES;
				GCC_WARN_UNINITIALIZED_AUTOS = YES_AGGRESSIVE;
				GCC_WARN_UNUSED_FUNCTION = YES;
				GCC_WARN_UNUSED_VARIABLE = YES;
				IPHONEOS_DEPLOYMENT_TARGET = 16.0;
				MTL_ENABLE_DEBUG_INFO = INCLUDE_SOURCE;
				MTL_FAST_MATH = YES;
				ONLY_ACTIVE_ARCH = YES;
				SDKROOT = iphoneos;
				SWIFT_ACTIVE_COMPILATION_CONDITIONS = DEBUG;
				SWIFT_OPTIMIZATION_LEVEL = "-Onone";
			};
			name = Debug;
		};
		38C233FD28DDC6FC0017DDA7 /* Release */ = {
			isa = XCBuildConfiguration;
			buildSettings = {
				ALWAYS_SEARCH_USER_PATHS = NO;
				CLANG_ANALYZER_NONNULL = YES;
				CLANG_ANALYZER_NUMBER_OBJECT_CONVERSION = YES_AGGRESSIVE;
				CLANG_CXX_LANGUAGE_STANDARD = "gnu++20";
				CLANG_ENABLE_MODULES = YES;
				CLANG_ENABLE_OBJC_ARC = YES;
				CLANG_ENABLE_OBJC_WEAK = YES;
				CLANG_WARN_BLOCK_CAPTURE_AUTORELEASING = YES;
				CLANG_WARN_BOOL_CONVERSION = YES;
				CLANG_WARN_COMMA = YES;
				CLANG_WARN_CONSTANT_CONVERSION = YES;
				CLANG_WARN_DEPRECATED_OBJC_IMPLEMENTATIONS = YES;
				CLANG_WARN_DIRECT_OBJC_ISA_USAGE = YES_ERROR;
				CLANG_WARN_DOCUMENTATION_COMMENTS = YES;
				CLANG_WARN_EMPTY_BODY = YES;
				CLANG_WARN_ENUM_CONVERSION = YES;
				CLANG_WARN_INFINITE_RECURSION = YES;
				CLANG_WARN_INT_CONVERSION = YES;
				CLANG_WARN_NON_LITERAL_NULL_CONVERSION = YES;
				CLANG_WARN_OBJC_IMPLICIT_RETAIN_SELF = YES;
				CLANG_WARN_OBJC_LITERAL_CONVERSION = YES;
				CLANG_WARN_OBJC_ROOT_CLASS = YES_ERROR;
				CLANG_WARN_QUOTED_INCLUDE_IN_FRAMEWORK_HEADER = YES;
				CLANG_WARN_RANGE_LOOP_ANALYSIS = YES;
				CLANG_WARN_STRICT_PROTOTYPES = YES;
				CLANG_WARN_SUSPICIOUS_MOVE = YES;
				CLANG_WARN_UNGUARDED_AVAILABILITY = YES_AGGRESSIVE;
				CLANG_WARN_UNREACHABLE_CODE = YES;
				CLANG_WARN__DUPLICATE_METHOD_MATCH = YES;
				COPY_PHASE_STRIP = NO;
				DEBUG_INFORMATION_FORMAT = "dwarf-with-dsym";
				ENABLE_NS_ASSERTIONS = NO;
				ENABLE_STRICT_OBJC_MSGSEND = YES;
				GCC_C_LANGUAGE_STANDARD = gnu11;
				GCC_NO_COMMON_BLOCKS = YES;
				GCC_WARN_64_TO_32_BIT_CONVERSION = YES;
				GCC_WARN_ABOUT_RETURN_TYPE = YES_ERROR;
				GCC_WARN_UNDECLARED_SELECTOR = YES;
				GCC_WARN_UNINITIALIZED_AUTOS = YES_AGGRESSIVE;
				GCC_WARN_UNUSED_FUNCTION = YES;
				GCC_WARN_UNUSED_VARIABLE = YES;
				IPHONEOS_DEPLOYMENT_TARGET = 16.0;
				MTL_ENABLE_DEBUG_INFO = NO;
				MTL_FAST_MATH = YES;
				SDKROOT = iphoneos;
				SWIFT_COMPILATION_MODE = wholemodule;
				SWIFT_OPTIMIZATION_LEVEL = "-O";
				VALIDATE_PRODUCT = YES;
			};
			name = Release;
		};
		38C233FF28DDC6FC0017DDA7 /* Debug */ = {
			isa = XCBuildConfiguration;
			buildSettings = {
				ASSETCATALOG_COMPILER_APPICON_NAME = AppIcon;
				ASSETCATALOG_COMPILER_GLOBAL_ACCENT_COLOR_NAME = AccentColor;
				CODE_SIGN_STYLE = Automatic;
				CURRENT_PROJECT_VERSION = 1;
				DEVELOPMENT_ASSET_PATHS = "\"ContactListApp/Preview Content\"";
				DEVELOPMENT_TEAM = MYBQ9CP46L;
				ENABLE_PREVIEWS = YES;
				GENERATE_INFOPLIST_FILE = YES;
				INFOPLIST_KEY_UIApplicationSceneManifest_Generation = YES;
				INFOPLIST_KEY_UIApplicationSupportsIndirectInputEvents = YES;
				INFOPLIST_KEY_UILaunchScreen_Generation = YES;
				INFOPLIST_KEY_UISupportedInterfaceOrientations_iPad = "UIInterfaceOrientationPortrait UIInterfaceOrientationPortraitUpsideDown UIInterfaceOrientationLandscapeLeft UIInterfaceOrientationLandscapeRight";
				INFOPLIST_KEY_UISupportedInterfaceOrientations_iPhone = "UIInterfaceOrientationPortrait UIInterfaceOrientationLandscapeLeft UIInterfaceOrientationLandscapeRight";
				LD_RUNPATH_SEARCH_PATHS = (
					"$(inherited)",
					"@executable_path/Frameworks",
				);
				MARKETING_VERSION = 1.0;
				PRODUCT_BUNDLE_IDENTIFIER = D.KONDROV.ContactListApp;
				PRODUCT_NAME = "$(TARGET_NAME)";
				SWIFT_EMIT_LOC_STRINGS = YES;
				SWIFT_VERSION = 5.0;
				TARGETED_DEVICE_FAMILY = "1,2";
			};
			name = Debug;
		};
		38C2340028DDC6FC0017DDA7 /* Release */ = {
			isa = XCBuildConfiguration;
			buildSettings = {
				ASSETCATALOG_COMPILER_APPICON_NAME = AppIcon;
				ASSETCATALOG_COMPILER_GLOBAL_ACCENT_COLOR_NAME = AccentColor;
				CODE_SIGN_STYLE = Automatic;
				CURRENT_PROJECT_VERSION = 1;
				DEVELOPMENT_ASSET_PATHS = "\"ContactListApp/Preview Content\"";
				DEVELOPMENT_TEAM = MYBQ9CP46L;
				ENABLE_PREVIEWS = YES;
				GENERATE_INFOPLIST_FILE = YES;
				INFOPLIST_KEY_UIApplicationSceneManifest_Generation = YES;
				INFOPLIST_KEY_UIApplicationSupportsIndirectInputEvents = YES;
				INFOPLIST_KEY_UILaunchScreen_Generation = YES;
				INFOPLIST_KEY_UISupportedInterfaceOrientations_iPad = "UIInterfaceOrientationPortrait UIInterfaceOrientationPortraitUpsideDown UIInterfaceOrientationLandscapeLeft UIInterfaceOrientationLandscapeRight";
				INFOPLIST_KEY_UISupportedInterfaceOrientations_iPhone = "UIInterfaceOrientationPortrait UIInterfaceOrientationLandscapeLeft UIInterfaceOrientationLandscapeRight";
				LD_RUNPATH_SEARCH_PATHS = (
					"$(inherited)",
					"@executable_path/Frameworks",
				);
				MARKETING_VERSION = 1.0;
				PRODUCT_BUNDLE_IDENTIFIER = D.KONDROV.ContactListApp;
				PRODUCT_NAME = "$(TARGET_NAME)";
				SWIFT_EMIT_LOC_STRINGS = YES;
				SWIFT_VERSION = 5.0;
				TARGETED_DEVICE_FAMILY = "1,2";
			};
			name = Release;
		};
/* End XCBuildConfiguration section */

/* Begin XCConfigurationList section */
		38C233EB28DDC6FA0017DDA7 /* Build configuration list for PBXProject "ContactListApp" */ = {
			isa = XCConfigurationList;
			buildConfigurations = (
				38C233FC28DDC6FC0017DDA7 /* Debug */,
				38C233FD28DDC6FC0017DDA7 /* Release */,
			);
			defaultConfigurationIsVisible = 0;
			defaultConfigurationName = Release;
		};
		38C233FE28DDC6FC0017DDA7 /* Build configuration list for PBXNativeTarget "ContactListApp" */ = {
			isa = XCConfigurationList;
			buildConfigurations = (
				38C233FF28DDC6FC0017DDA7 /* Debug */,
				38C2340028DDC6FC0017DDA7 /* Release */,
			);
			defaultConfigurationIsVisible = 0;
			defaultConfigurationName = Release;
		};
/* End XCConfigurationList section */
	};
	rootObject = 38C233E828DDC6FA0017DDA7 /* Project object */;
}
